schema: '2.0'
stages:
  prepare:
    cmd: python src/preprocessing.py
    deps:
    - path: src/preprocessing.py
      hash: md5
      md5: 3642fea2f8c0283eaf81c2edb3449f7e
      size: 1196
      isexec: true
    outs:
    - path: data/processed_test_features.csv
      hash: md5
      md5: fb85f517b8a802e6d0cd266e12776e35
      size: 740189
      isexec: true
    - path: data/processed_train_features.csv
      hash: md5
      md5: 682c3d671066032528f66bca1fdee02d
      size: 2959661
      isexec: true
    - path: data/test_target.csv
      hash: md5
      md5: 2903cf024ef6300f9a596495640cfb0f
      size: 24473
      isexec: true
    - path: data/train_target.csv
      hash: md5
      md5: 46fedb3f66c8485f2b6947dd351fdc0b
      size: 97961
      isexec: true
